
Microsoft Visual Studio Solution File, Format Version 12.00
# Visual Studio Version 17
VisualStudioVersion = 17.12.35521.163 d17.12
MinimumVisualStudioVersion = 10.0.40219.1
Project("{8BC9CEB8-8B4A-11D0-8D11-00A0C91BC942}") = "day12-LogicServer", "day12-LogicServer\day12-LogicServer.vcxproj", "{1E4FE4F5-D4AA-4D88-BDBC-8558BC862B5B}"
EndProject
Project("{8BC9CEB8-8B4A-11D0-8D11-00A0C91BC942}") = "JsonClient", "JsonClient\JsonClient.vcxproj", "{55F42092-9079-47C1-9D72-BD3F2FF912C0}"
EndProject
Global
	GlobalSection(SolutionConfigurationPlatforms) = preSolution
		Debug|x64 = Debug|x64
		Debug|x86 = Debug|x86
		Release|x64 = Release|x64
		Release|x86 = Release|x86
	EndGlobalSection
	GlobalSection(ProjectConfigurationPlatforms) = postSolution
		{1E4FE4F5-D4AA-4D88-BDBC-8558BC862B5B}.Debug|x64.ActiveCfg = Debug|x64
		{1E4FE4F5-D4AA-4D88-BDBC-8558BC862B5B}.Debug|x64.Build.0 = Debug|x64
		{1E4FE4F5-D4AA-4D88-BDBC-8558BC862B5B}.Debug|x86.ActiveCfg = Debug|Win32
		{1E4FE4F5-D4AA-4D88-BDBC-8558BC862B5B}.Debug|x86.Build.0 = Debug|Win32
		{1E4FE4F5-D4AA-4D88-BDBC-8558BC862B5B}.Release|x64.ActiveCfg = Release|x64
		{1E4FE4F5-D4AA-4D88-BDBC-8558BC862B5B}.Release|x64.Build.0 = Release|x64
		{1E4FE4F5-D4AA-4D88-BDBC-8558BC862B5B}.Release|x86.ActiveCfg = Release|Win32
		{1E4FE4F5-D4AA-4D88-BDBC-8558BC862B5B}.Release|x86.Build.0 = Release|Win32
		{55F42092-9079-47C1-9D72-BD3F2FF912C0}.Debug|x64.ActiveCfg = Debug|x64
		{55F42092-9079-47C1-9D72-BD3F2FF912C0}.Debug|x64.Build.0 = Debug|x64
		{55F42092-9079-47C1-9D72-BD3F2FF912C0}.Debug|x86.ActiveCfg = Debug|Win32
		{55F42092-9079-47C1-9D72-BD3F2FF912C0}.Debug|x86.Build.0 = Debug|Win32
		{55F42092-9079-47C1-9D72-BD3F2FF912C0}.Release|x64.ActiveCfg = Release|x64
		{55F42092-9079-47C1-9D72-BD3F2FF912C0}.Release|x64.Build.0 = Release|x64
		{55F42092-9079-47C1-9D72-BD3F2FF912C0}.Release|x86.ActiveCfg = Release|Win32
		{55F42092-9079-47C1-9D72-BD3F2FF912C0}.Release|x86.Build.0 = Release|Win32
	EndGlobalSection
	GlobalSection(SolutionProperties) = preSolution
		HideSolutionNode = FALSE
	EndGlobalSection
EndGlobal
